
Microsoft Visual Studio Solution File, Format Version 12.00
# Visual Studio Version 17
VisualStudioVersion = 17.13.35931.197 d17.13
MinimumVisualStudioVersion = 10.0.40219.1
Project("{FAE04EC0-301F-11D3-BF4B-00C04F79EFBC}") = "BackContador", "BackContador\BackContador.csproj", "{B5644160-D005-4BA8-934A-0EB599D74C5B}"
EndProject
Global
	GlobalSection(SolutionConfigurationPlatforms) = preSolution
		Debug|Any CPU = Debug|Any CPU
		Release|Any CPU = Release|Any CPU
	EndGlobalSection
	GlobalSection(ProjectConfigurationPlatforms) = postSolution
		{B5644160-D005-4BA8-934A-0EB599D74C5B}.Debug|Any CPU.ActiveCfg = Debug|Any CPU
		{B5644160-D005-4BA8-934A-0EB599D74C5B}.Debug|Any CPU.Build.0 = Debug|Any CPU
		{B5644160-D005-4BA8-934A-0EB599D74C5B}.Release|Any CPU.ActiveCfg = Release|Any CPU
		{B5644160-D005-4BA8-934A-0EB599D74C5B}.Release|Any CPU.Build.0 = Release|Any CPU
	EndGlobalSection
	GlobalSection(SolutionProperties) = preSolution
		HideSolutionNode = FALSE
	EndGlobalSection
	GlobalSection(ExtensibilityGlobals) = postSolution
		SolutionGuid = {AC787F5E-582F-4C9E-8BD3-885BCC5E8B20}
	EndGlobalSection
EndGlobal
